
Microsoft Visual Studio Solution File, Format Version 12.00
# Visual Studio Version 17
VisualStudioVersion = 17.5.33502.453
MinimumVisualStudioVersion = 10.0.40219.1
Project("{FAE04EC0-301F-11D3-BF4B-00C04F79EFBC}") = "Report_01", "Report_01.csproj", "{E4E88DAB-8485-4A95-8DB8-6E0CD8C254CE}"
EndProject
Global
	GlobalSection(SolutionConfigurationPlatforms) = preSolution
		Debug|Any CPU = Debug|Any CPU
		Release|Any CPU = Release|Any CPU
	EndGlobalSection
	GlobalSection(ProjectConfigurationPlatforms) = postSolution
		{E4E88DAB-8485-4A95-8DB8-6E0CD8C254CE}.Debug|Any CPU.ActiveCfg = Debug|Any CPU
		{E4E88DAB-8485-4A95-8DB8-6E0CD8C254CE}.Debug|Any CPU.Build.0 = Debug|Any CPU
		{E4E88DAB-8485-4A95-8DB8-6E0CD8C254CE}.Release|Any CPU.ActiveCfg = Release|Any CPU
		{E4E88DAB-8485-4A95-8DB8-6E0CD8C254CE}.Release|Any CPU.Build.0 = Release|Any CPU
	EndGlobalSection
	GlobalSection(SolutionProperties) = preSolution
		HideSolutionNode = FALSE
	EndGlobalSection
	GlobalSection(ExtensibilityGlobals) = postSolution
		SolutionGuid = {BD3FCBD5-C424-4122-A3DE-95B683957776}
	EndGlobalSection
EndGlobal
